github.com/anatol/smart.go v0.0.0-20230705044831-c3b27137baa3 h1:kAF2MWFD8tyDqD74OQizymjj2cnZAURwSzBrEslCDnI=
github.com/anatol/smart.go v0.0.0-20230705044831-c3b27137baa3/go.mod h1:llkexGSe52bW0OjNva0kvIqGZxfSnVfpKHrnKBI2+pU=
golang.org/x/sys v0.9.0 h1:KS/R3tvhPqvJvwcKfnBHJwwthS11LRhmM5D59eEXa0s=
golang.org/x/sys v0.9.0/go.mod h1:oPkhp1MJrh7nUepCBck5+mAzfO9JrbApNNgaTdGDITg=
